
Microsoft Visual Studio Solution File, Format Version 12.00
# Visual Studio Version 16
VisualStudioVersion = 16.0.32428.217
MinimumVisualStudioVersion = 10.0.40219.1
Project("{FAE04EC0-301F-11D3-BF4B-00C04F79EFBC}") = "App_Quizz", "App_Quizz\App_Quizz.csproj", "{03CFCB9C-D856-40B6-A94E-D100451F2CB7}"
EndProject
Project("{FAE04EC0-301F-11D3-BF4B-00C04F79EFBC}") = "GstBdd", "GstBdd\GstBdd.csproj", "{EB1AB1D6-9609-4191-853A-197706396B43}"
EndProject
Project("{FAE04EC0-301F-11D3-BF4B-00C04F79EFBC}") = "ClassesQuizz", "ClassesQuizz\ClassesQuizz.csproj", "{27433B23-606C-46C3-8FEA-924E636ABF79}"
EndProject
Global
	GlobalSection(SolutionConfigurationPlatforms) = preSolution
		Debug|Any CPU = Debug|Any CPU
		Release|Any CPU = Release|Any CPU
	EndGlobalSection
	GlobalSection(ProjectConfigurationPlatforms) = postSolution
		{03CFCB9C-D856-40B6-A94E-D100451F2CB7}.Debug|Any CPU.ActiveCfg = Debug|Any CPU
		{03CFCB9C-D856-40B6-A94E-D100451F2CB7}.Debug|Any CPU.Build.0 = Debug|Any CPU
		{03CFCB9C-D856-40B6-A94E-D100451F2CB7}.Release|Any CPU.ActiveCfg = Release|Any CPU
		{03CFCB9C-D856-40B6-A94E-D100451F2CB7}.Release|Any CPU.Build.0 = Release|Any CPU
		{EB1AB1D6-9609-4191-853A-197706396B43}.Debug|Any CPU.ActiveCfg = Debug|Any CPU
		{EB1AB1D6-9609-4191-853A-197706396B43}.Debug|Any CPU.Build.0 = Debug|Any CPU
		{EB1AB1D6-9609-4191-853A-197706396B43}.Release|Any CPU.ActiveCfg = Release|Any CPU
		{EB1AB1D6-9609-4191-853A-197706396B43}.Release|Any CPU.Build.0 = Release|Any CPU
		{27433B23-606C-46C3-8FEA-924E636ABF79}.Debug|Any CPU.ActiveCfg = Debug|Any CPU
		{27433B23-606C-46C3-8FEA-924E636ABF79}.Debug|Any CPU.Build.0 = Debug|Any CPU
		{27433B23-606C-46C3-8FEA-924E636ABF79}.Release|Any CPU.ActiveCfg = Release|Any CPU
		{27433B23-606C-46C3-8FEA-924E636ABF79}.Release|Any CPU.Build.0 = Release|Any CPU
	EndGlobalSection
	GlobalSection(SolutionProperties) = preSolution
		HideSolutionNode = FALSE
	EndGlobalSection
	GlobalSection(ExtensibilityGlobals) = postSolution
		SolutionGuid = {735A3F3A-5872-4EC1-8ECC-930C46B539BD}
	EndGlobalSection
EndGlobal
